PODS:
  - DRCategories (0.1.3):
    - DRCategories/Foundation (= 0.1.3)
    - DRCategories/UIKit (= 0.1.3)
    - DRMacroDefines
    - DRSandboxManager
    - pop
  - DRCategories/Foundation (0.1.3):
    - DRMacroDefines
    - DRSandboxManager
    - pop
  - DRCategories/UIKit (0.1.3):
    - DRMacroDefines
    - DRSandboxManager
    - pop
  - DRMacroDefines (0.1.2)
  - DRSandboxManager (0.1.0)
  - pop (1.0.12)

DEPENDENCIES:
  - DRCategories (from `../`)

SPEC REPOS:
  https://github.com/cocoapods/specs.git:
    - DRMacroDefines
    - DRSandboxManager
    - pop

EXTERNAL SOURCES:
  DRCategories:
    :path: "../"

SPEC CHECKSUMS:
  DRCategories: be99ac83f5e3cb162140f324539447dd251d73bd
  DRMacroDefines: 58aa271bc1c4170fa09f4f33dcad18fc4f21a57e
  DRSandboxManager: 2a48ca41b22edfc39dd2f66abd5a99e777410c61
  pop: d582054913807fd11fd50bfe6a539d91c7e1a55a

PODFILE CHECKSUM: 7ebf254f5b2e19d06221dea38b7c11f292c002dc

COCOAPODS: 1.6.1
